PODS:
  - Realm (3.0.1):
    - Realm/Headers (= 3.0.1)
  - Realm/Headers (3.0.1)
  - Reveal-SDK (11)
  - TODocumentPickerViewController (0.1.1)
  - TORoundedTableView (0.1.3)
  - TOSplitViewController (0.0.4)

DEPENDENCIES:
  - Realm
  - Reveal-SDK
  - TODocumentPickerViewController
  - TORoundedTableView
  - TOSplitViewController

SPEC REPOS:
  https://github.com/cocoapods/specs.git:
    - Realm
    - Reveal-SDK
    - TODocumentPickerViewController
    - TORoundedTableView
    - TOSplitViewController

SPEC CHECKSUMS:
  Realm: ba6144c74f835f7497791f6599d63a7755377b83
  Reveal-SDK: 7fa13d04bb55db61ff2342a990cf731d5159361d
  TODocumentPickerViewController: 563d97ad8d8014e6b30245e31bf4248f2778c0fb
  TORoundedTableView: cd1437ef81ab3888dea8c06d2dfe4795bcaac768
  TOSplitViewController: 3d59b95c3e09511cc4540bc05d1db6a7d3289eed

PODFILE CHECKSUM: 1aecb5074ff6ec1a54439612e689c2ee5365cd7d

COCOAPODS: 1.5.3
