// !$*UTF8*$!
{
	archiveVersion = 1;
	classes = {
	};
	objectVersion = 46;
	objects = {

/* Begin PBXBuildFile section */
		220D91E01DE6BFC3007CFF2A /* AppDelegate.m in Sources */ = {isa = PBXBuildFile; fileRef = 220D91D61DE6BFC3007CFF2A /* AppDelegate.m */; };
		220D920A1DE6C961007CFF2A /* RLMBrowserViewController.m in Sources */ = {isa = PBXBuildFile; fileRef = 220D91FE1DE6C961007CFF2A /* RLMBrowserViewController.m */; };
		220D92181DE6E5A2007CFF2A /* ViewController.m in Sources */ = {isa = PBXBuildFile; fileRef = 220D920E1DE6E5A2007CFF2A /* ViewController.m */; };
		220D92191DE6E5A2007CFF2A /* Assets.xcassets in Resources */ = {isa = PBXBuildFile; fileRef = 220D92101DE6E5A2007CFF2A /* Assets.xcassets */; };
		220D921A1DE6E5A2007CFF2A /* LaunchScreen.storyboard in Resources */ = {isa = PBXBuildFile; fileRef = 220D92111DE6E5A2007CFF2A /* LaunchScreen.storyboard */; };
		220D921B1DE6E5A2007CFF2A /* Main.storyboard in Resources */ = {isa = PBXBuildFile; fileRef = 220D92131DE6E5A2007CFF2A /* Main.storyboard */; };
		220D921D1DE6E5A2007CFF2A /* main.m in Sources */ = {isa = PBXBuildFile; fileRef = 220D92171DE6E5A2007CFF2A /* main.m */; };
		221324801EAF1C0700FB22C9 /* RLMBrowserTableViewCell.m in Sources */ = {isa = PBXBuildFile; fileRef = 2213247F1EAF1C0700FB22C9 /* RLMBrowserTableViewCell.m */; };
		221324971EAF9F1B00FB22C9 /* RLMProperty+BrowserDescription.m in Sources */ = {isa = PBXBuildFile; fileRef = 221324861EAF9F1B00FB22C9 /* RLMProperty+BrowserDescription.m */; };
		221324981EAF9F1B00FB22C9 /* RLMRealm+BrowserCaptureRealms.m in Sources */ = {isa = PBXBuildFile; fileRef = 221324891EAF9F1B00FB22C9 /* RLMRealm+BrowserCaptureRealms.m */; };
		221324991EAF9F1B00FB22C9 /* RLMRealm+BrowserCaptureWrites.m in Sources */ = {isa = PBXBuildFile; fileRef = 2213248B1EAF9F1B00FB22C9 /* RLMRealm+BrowserCaptureWrites.m */; };
		2213249A1EAF9F1B00FB22C9 /* RLMRealm+RealmBrowser.m in Sources */ = {isa = PBXBuildFile; fileRef = 2213248D1EAF9F1B00FB22C9 /* RLMRealm+RealmBrowser.m */; };
		2213249B1EAF9F1B00FB22C9 /* RLMRealmConfiguration+BrowserCompare.m in Sources */ = {isa = PBXBuildFile; fileRef = 221324901EAF9F1B00FB22C9 /* RLMRealmConfiguration+BrowserCompare.m */; };
		2213249C1EAF9F1B00FB22C9 /* UIColor+BrowserRealmColors.m in Sources */ = {isa = PBXBuildFile; fileRef = 221324931EAF9F1B00FB22C9 /* UIColor+BrowserRealmColors.m */; };
		2213249D1EAF9F1B00FB22C9 /* UIImage+BrowserIcons.m in Sources */ = {isa = PBXBuildFile; fileRef = 221324961EAF9F1B00FB22C9 /* UIImage+BrowserIcons.m */; };
		221324A51EAF9F7100FB22C9 /* UILabel+RealmBrowser.m in Sources */ = {isa = PBXBuildFile; fileRef = 221324A41EAF9F7100FB22C9 /* UILabel+RealmBrowser.m */; };
		222E200D1EADDA9F002E0547 /* RLMBrowserList.m in Sources */ = {isa = PBXBuildFile; fileRef = 222E20051EADDA9F002E0547 /* RLMBrowserList.m */; };
		222E200E1EADDA9F002E0547 /* RLMBrowserObjectProperty.m in Sources */ = {isa = PBXBuildFile; fileRef = 222E20071EADDA9F002E0547 /* RLMBrowserObjectProperty.m */; };
		222E200F1EADDA9F002E0547 /* RLMBrowserRealm.m in Sources */ = {isa = PBXBuildFile; fileRef = 222E20091EADDA9F002E0547 /* RLMBrowserRealm.m */; };
		222E20101EADDA9F002E0547 /* RLMBrowserSchema.m in Sources */ = {isa = PBXBuildFile; fileRef = 222E200B1EADDA9F002E0547 /* RLMBrowserSchema.m */; };
		222E20171EADDAF3002E0547 /* RLMBrowserConfiguration.m in Sources */ = {isa = PBXBuildFile; fileRef = 222E20161EADDAF3002E0547 /* RLMBrowserConfiguration.m */; };
		22302A841E0397670071594A /* RLMBrowserSchemaPreviewView.m in Sources */ = {isa = PBXBuildFile; fileRef = 22302A831E0397670071594A /* RLMBrowserSchemaPreviewView.m */; };
		22302A861E0397C20071594A /* RLMBrowserSchemaPreviewView.xib in Resources */ = {isa = PBXBuildFile; fileRef = 22302A851E0397C20071594A /* RLMBrowserSchemaPreviewView.xib */; };
		2231C8591EC2B3E900789975 /* RLMObject+JSONSerialization.m in Sources */ = {isa = PBXBuildFile; fileRef = 2231C8581EC2B3E900789975 /* RLMObject+JSONSerialization.m */; };
		2239004E1DFBE7B000FE2882 /* RLMBrowserObjectContentView.m in Sources */ = {isa = PBXBuildFile; fileRef = 2239004D1DFBE7B000FE2882 /* RLMBrowserObjectContentView.m */; };
		223900531DFCFC8700FE2882 /* RLMBrowserObjectContentView.xib in Resources */ = {isa = PBXBuildFile; fileRef = 223900521DFCFC8700FE2882 /* RLMBrowserObjectContentView.xib */; };
		2246C7481EAD81220016B120 /* RLMBrowserSchemaTableViewCell.m in Sources */ = {isa = PBXBuildFile; fileRef = 2246C7461EAD81220016B120 /* RLMBrowserSchemaTableViewCell.m */; };
		2246C74B1EAD81D70016B120 /* RLMBrowserSchemaTableViewCell.xib in Resources */ = {isa = PBXBuildFile; fileRef = 2246C74A1EAD81D70016B120 /* RLMBrowserSchemaTableViewCell.xib */; };
		2246C7501EADAEF20016B120 /* RLMBrowserObjectsCoordinator.m in Sources */ = {isa = PBXBuildFile; fileRef = 2246C74F1EADAEF20016B120 /* RLMBrowserObjectsCoordinator.m */; };
		22576FA91DED59600001586A /* RLMBrowserTableHeaderView.m in Sources */ = {isa = PBXBuildFile; fileRef = 22576FA81DED59600001586A /* RLMBrowserTableHeaderView.m */; };
		22576FAC1DED5A6C0001586A /* RLMBrowserNavigationTitleView.m in Sources */ = {isa = PBXBuildFile; fileRef = 22576FAB1DED5A6C0001586A /* RLMBrowserNavigationTitleView.m */; };
		22576FAE1DED5B030001586A /* RLMBrowserNavigationTitleView.xib in Resources */ = {isa = PBXBuildFile; fileRef = 22576FAD1DED5B030001586A /* RLMBrowserNavigationTitleView.xib */; };
		225EFBC41DF535FD00DF649B /* RLMBrowserObjectListContentView.m in Sources */ = {isa = PBXBuildFile; fileRef = 225EFBBD1DF535FD00DF649B /* RLMBrowserObjectListContentView.m */; };
		225EFBC51DF535FD00DF649B /* RLMBrowserObjectListContentView.xib in Resources */ = {isa = PBXBuildFile; fileRef = 225EFBBE1DF535FD00DF649B /* RLMBrowserObjectListContentView.xib */; };
		225EFBC61DF535FD00DF649B /* RLMBrowserRealmTableViewCell.m in Sources */ = {isa = PBXBuildFile; fileRef = 225EFBC21DF535FD00DF649B /* RLMBrowserRealmTableViewCell.m */; };
		225EFBC71DF535FD00DF649B /* RLMBrowserRealmTableViewCell.xib in Resources */ = {isa = PBXBuildFile; fileRef = 225EFBC31DF535FD00DF649B /* RLMBrowserRealmTableViewCell.xib */; };
		225EFBCB1DF5373C00DF649B /* RLMBrowserPropertyTableViewCell.m in Sources */ = {isa = PBXBuildFile; fileRef = 225EFBC91DF5373C00DF649B /* RLMBrowserPropertyTableViewCell.m */; };
		225EFBCC1DF5373C00DF649B /* RLMBrowserPropertyTableViewCell.xib in Resources */ = {isa = PBXBuildFile; fileRef = 225EFBCA1DF5373C00DF649B /* RLMBrowserPropertyTableViewCell.xib */; };
		22AF16A91F53B7410001F8A8 /* RLMBrowserRealmTableCellHeaderView.m in Sources */ = {isa = PBXBuildFile; fileRef = 22AF16A81F53B7410001F8A8 /* RLMBrowserRealmTableCellHeaderView.m */; };
		22AF16BD1F5408450001F8A8 /* RLMBrowserObjectViewController.m in Sources */ = {isa = PBXBuildFile; fileRef = 22AF16B11F5408440001F8A8 /* RLMBrowserObjectViewController.m */; };
		22AF16BE1F5408450001F8A8 /* RLMBrowserRealmTableViewController.m in Sources */ = {isa = PBXBuildFile; fileRef = 22AF16B31F5408440001F8A8 /* RLMBrowserRealmTableViewController.m */; };
		22AF16BF1F5408450001F8A8 /* RLMBrowserLogoViewController.m in Sources */ = {isa = PBXBuildFile; fileRef = 22AF16B41F5408440001F8A8 /* RLMBrowserLogoViewController.m */; };
		22AF16C01F5408450001F8A8 /* RLMBrowserObjectListViewController.m in Sources */ = {isa = PBXBuildFile; fileRef = 22AF16B51F5408440001F8A8 /* RLMBrowserObjectListViewController.m */; };
		22AF16C11F5408450001F8A8 /* RLMBrowserObjectSchemaViewController.m in Sources */ = {isa = PBXBuildFile; fileRef = 22AF16B61F5408450001F8A8 /* RLMBrowserObjectSchemaViewController.m */; };
		22AF16C21F5408450001F8A8 /* RLMBrowserRealmListViewController.m in Sources */ = {isa = PBXBuildFile; fileRef = 22AF16BA1F5408450001F8A8 /* RLMBrowserRealmListViewController.m */; };
		22C75DDE1DEC090B0078624E /* RLMRealmLogoView.m in Sources */ = {isa = PBXBuildFile; fileRef = 22C75DD91DEC090B0078624E /* RLMRealmLogoView.m */; };
		22C75DDF1DEC090B0078624E /* RLMRealmMonochromeLogoView.m in Sources */ = {isa = PBXBuildFile; fileRef = 22C75DDB1DEC090B0078624E /* RLMRealmMonochromeLogoView.m */; };
		22E509001DE813DB000B7537 /* Person.m in Sources */ = {isa = PBXBuildFile; fileRef = 22E508FF1DE813DB000B7537 /* Person.m */; };
		22E509141DE832D7000B7537 /* RLMBrowserConstants.m in Sources */ = {isa = PBXBuildFile; fileRef = 22E5090D1DE832D7000B7537 /* RLMBrowserConstants.m */; };
		B2838946D10BD42D1566367B /* Pods_RealmBrowserExample.framework in Frameworks */ = {isa = PBXBuildFile; fileRef = A35ADCCED95BA1C8B3FFDBEE /* Pods_RealmBrowserExample.framework */; };
/* End PBXBuildFile section */

/* Begin PBXFileReference section */
		1F56CCBD1D69613203747BDE /* Pods-RealmBrowserExample.debug.xcconfig */ = {isa = PBXFileReference; includeInIndex = 1; lastKnownFileType = text.xcconfig; name = "Pods-RealmBrowserExample.debug.xcconfig"; path = "Pods/Target Support Files/Pods-RealmBrowserExample/Pods-RealmBrowserExample.debug.xcconfig"; sourceTree = "<group>"; };
		220D91BA1DE6BE6F007CFF2A /* RealmBrowserExample.app */ = {isa = PBXFileReference; explicitFileType = wrapper.application; includeInIndex = 0; path = RealmBrowserExample.app; sourceTree = BUILT_PRODUCTS_DIR; };
		220D91D51DE6BFC3007CFF2A /* AppDelegate.h */ = {isa = PBXFileReference; fileEncoding = 4; lastKnownFileType = sourcecode.c.h; path = AppDelegate.h; sourceTree = "<group>"; };
		220D91D61DE6BFC3007CFF2A /* AppDelegate.m */ = {isa = PBXFileReference; fileEncoding = 4; lastKnownFileType = sourcecode.c.objc; path = AppDelegate.m; sourceTree = "<group>"; };
		220D91FD1DE6C961007CFF2A /* RLMBrowserViewController.h */ = {isa = PBXFileReference; fileEncoding = 4; lastKnownFileType = sourcecode.c.h; path = RLMBrowserViewController.h; sourceTree = "<group>"; };
		220D91FE1DE6C961007CFF2A /* RLMBrowserViewController.m */ = {isa = PBXFileReference; fileEncoding = 4; lastKnownFileType = sourcecode.c.objc; path = RLMBrowserViewController.m; sourceTree = "<group>"; };
		220D920D1DE6E5A2007CFF2A /* ViewController.h */ = {isa = PBXFileReference; fileEncoding = 4; lastKnownFileType = sourcecode.c.h; path = ViewController.h; sourceTree = "<group>"; };
		220D920E1DE6E5A2007CFF2A /* ViewController.m */ = {isa = PBXFileReference; fileEncoding = 4; lastKnownFileType = sourcecode.c.objc; path = ViewController.m; sourceTree = "<group>"; };
		220D92101DE6E5A2007CFF2A /* Assets.xcassets */ = {isa = PBXFileReference; lastKnownFileType = folder.assetcatalog; path = Assets.xcassets; sourceTree = "<group>"; };
		220D92121DE6E5A2007CFF2A /* Base */ = {isa = PBXFileReference; lastKnownFileType = file.storyboard; name = Base; path = Base.lproj/LaunchScreen.storyboard; sourceTree = "<group>"; };
		220D92141DE6E5A2007CFF2A /* Base */ = {isa = PBXFileReference; lastKnownFileType = file.storyboard; name = Base; path = Base.lproj/Main.storyboard; sourceTree = "<group>"; };
		220D92161DE6E5A2007CFF2A /* Info.plist */ = {isa = PBXFileReference; fileEncoding = 4; lastKnownFileType = text.plist.xml; path = Info.plist; sourceTree = "<group>"; };
		220D92171DE6E5A2007CFF2A /* main.m */ = {isa = PBXFileReference; fileEncoding = 4; lastKnownFileType = sourcecode.c.objc; path = main.m; sourceTree = "<group>"; };
		2213247E1EAF1C0700FB22C9 /* RLMBrowserTableViewCell.h */ = {isa = PBXFileReference; fileEncoding = 4; lastKnownFileType = sourcecode.c.h; path = RLMBrowserTableViewCell.h; sourceTree = "<group>"; };
		2213247F1EAF1C0700FB22C9 /* RLMBrowserTableViewCell.m */ = {isa = PBXFileReference; fileEncoding = 4; lastKnownFileType = sourcecode.c.objc; path = RLMBrowserTableViewCell.m; sourceTree = "<group>"; };
		221324851EAF9F1B00FB22C9 /* RLMProperty+BrowserDescription.h */ = {isa = PBXFileReference; fileEncoding = 4; lastKnownFileType = sourcecode.c.h; path = "RLMProperty+BrowserDescription.h"; sourceTree = "<group>"; };
		221324861EAF9F1B00FB22C9 /* RLMProperty+BrowserDescription.m */ = {isa = PBXFileReference; fileEncoding = 4; lastKnownFileType = sourcecode.c.objc; path = "RLMProperty+BrowserDescription.m"; sourceTree = "<group>"; };
		221324881EAF9F1B00FB22C9 /* RLMRealm+BrowserCaptureRealms.h */ = {isa = PBXFileReference; fileEncoding = 4; lastKnownFileType = sourcecode.c.h; path = "RLMRealm+BrowserCaptureRealms.h"; sourceTree = "<group>"; };
		221324891EAF9F1B00FB22C9 /* RLMRealm+BrowserCaptureRealms.m */ = {isa = PBXFileReference; fileEncoding = 4; lastKnownFileType = sourcecode.c.objc; path = "RLMRealm+BrowserCaptureRealms.m"; sourceTree = "<group>"; };
		2213248A1EAF9F1B00FB22C9 /* RLMRealm+BrowserCaptureWrites.h */ = {isa = PBXFileReference; fileEncoding = 4; lastKnownFileType = sourcecode.c.h; path = "RLMRealm+BrowserCaptureWrites.h"; sourceTree = "<group>"; };
		2213248B1EAF9F1B00FB22C9 /* RLMRealm+BrowserCaptureWrites.m */ = {isa = PBXFileReference; fileEncoding = 4; lastKnownFileType = sourcecode.c.objc; path = "RLMRealm+BrowserCaptureWrites.m"; sourceTree = "<group>"; };
		2213248C1EAF9F1B00FB22C9 /* RLMRealm+RealmBrowser.h */ = {isa = PBXFileReference; fileEncoding = 4; lastKnownFileType = sourcecode.c.h; path = "RLMRealm+RealmBrowser.h"; sourceTree = "<group>"; };
		2213248D1EAF9F1B00FB22C9 /* RLMRealm+RealmBrowser.m */ = {isa = PBXFileReference; fileEncoding = 4; lastKnownFileType = sourcecode.c.objc; path = "RLMRealm+RealmBrowser.m"; sourceTree = "<group>"; };
		2213248F1EAF9F1B00FB22C9 /* RLMRealmConfiguration+BrowserCompare.h */ = {isa = PBXFileReference; fileEncoding = 4; lastKnownFileType = sourcecode.c.h; path = "RLMRealmConfiguration+BrowserCompare.h"; sourceTree = "<group>"; };
		221324901EAF9F1B00FB22C9 /* RLMRealmConfiguration+BrowserCompare.m */ = {isa = PBXFileReference; fileEncoding = 4; lastKnownFileType = sourcecode.c.objc; path = "RLMRealmConfiguration+BrowserCompare.m"; sourceTree = "<group>"; };
		221324921EAF9F1B00FB22C9 /* UIColor+BrowserRealmColors.h */ = {isa = PBXFileReference; fileEncoding = 4; lastKnownFileType = sourcecode.c.h; path = "UIColor+BrowserRealmColors.h"; sourceTree = "<group>"; };
		221324931EAF9F1B00FB22C9 /* UIColor+BrowserRealmColors.m */ = {isa = PBXFileReference; fileEncoding = 4; lastKnownFileType = sourcecode.c.objc; path = "UIColor+BrowserRealmColors.m"; sourceTree = "<group>"; };
		221324951EAF9F1B00FB22C9 /* UIImage+BrowserIcons.h */ = {isa = PBXFileReference; fileEncoding = 4; lastKnownFileType = sourcecode.c.h; path = "UIImage+BrowserIcons.h"; sourceTree = "<group>"; };
		221324961EAF9F1B00FB22C9 /* UIImage+BrowserIcons.m */ = {isa = PBXFileReference; fileEncoding = 4; lastKnownFileType = sourcecode.c.objc; path = "UIImage+BrowserIcons.m"; sourceTree = "<group>"; };
		221324A31EAF9F7100FB22C9 /* UILabel+RealmBrowser.h */ = {isa = PBXFileReference; fileEncoding = 4; lastKnownFileType = sourcecode.c.h; path = "UILabel+RealmBrowser.h"; sourceTree = "<group>"; };
		221324A41EAF9F7100FB22C9 /* UILabel+RealmBrowser.m */ = {isa = PBXFileReference; fileEncoding = 4; lastKnownFileType = sourcecode.c.objc; path = "UILabel+RealmBrowser.m"; sourceTree = "<group>"; };
		222E20041EADDA9F002E0547 /* RLMBrowserList.h */ = {isa = PBXFileReference; fileEncoding = 4; lastKnownFileType = sourcecode.c.h; path = RLMBrowserList.h; sourceTree = "<group>"; };
		222E20051EADDA9F002E0547 /* RLMBrowserList.m */ = {isa = PBXFileReference; fileEncoding = 4; lastKnownFileType = sourcecode.c.objc; path = RLMBrowserList.m; sourceTree = "<group>"; };
		222E20061EADDA9F002E0547 /* RLMBrowserObjectProperty.h */ = {isa = PBXFileReference; fileEncoding = 4; lastKnownFileType = sourcecode.c.h; path = RLMBrowserObjectProperty.h; sourceTree = "<group>"; };
		222E20071EADDA9F002E0547 /* RLMBrowserObjectProperty.m */ = {isa = PBXFileReference; fileEncoding = 4; lastKnownFileType = sourcecode.c.objc; path = RLMBrowserObjectProperty.m; sourceTree = "<group>"; };
		222E20081EADDA9F002E0547 /* RLMBrowserRealm.h */ = {isa = PBXFileReference; fileEncoding = 4; lastKnownFileType = sourcecode.c.h; path = RLMBrowserRealm.h; sourceTree = "<group>"; };
		222E20091EADDA9F002E0547 /* RLMBrowserRealm.m */ = {isa = PBXFileReference; fileEncoding = 4; lastKnownFileType = sourcecode.c.objc; path = RLMBrowserRealm.m; sourceTree = "<group>"; };
		222E200A1EADDA9F002E0547 /* RLMBrowserSchema.h */ = {isa = PBXFileReference; fileEncoding = 4; lastKnownFileType = sourcecode.c.h; path = RLMBrowserSchema.h; sourceTree = "<group>"; };
		222E200B1EADDA9F002E0547 /* RLMBrowserSchema.m */ = {isa = PBXFileReference; fileEncoding = 4; lastKnownFileType = sourcecode.c.objc; path = RLMBrowserSchema.m; sourceTree = "<group>"; };
		222E20151EADDAF3002E0547 /* RLMBrowserConfiguration.h */ = {isa = PBXFileReference; fileEncoding = 4; lastKnownFileType = sourcecode.c.h; path = RLMBrowserConfiguration.h; sourceTree = "<group>"; };
		222E20161EADDAF3002E0547 /* RLMBrowserConfiguration.m */ = {isa = PBXFileReference; fileEncoding = 4; lastKnownFileType = sourcecode.c.objc; path = RLMBrowserConfiguration.m; sourceTree = "<group>"; };
		22302A821E0397670071594A /* RLMBrowserSchemaPreviewView.h */ = {isa = PBXFileReference; fileEncoding = 4; lastKnownFileType = sourcecode.c.h; name = RLMBrowserSchemaPreviewView.h; path = FooterView/RLMBrowserSchemaPreviewView.h; sourceTree = "<group>"; };
		22302A831E0397670071594A /* RLMBrowserSchemaPreviewView.m */ = {isa = PBXFileReference; fileEncoding = 4; lastKnownFileType = sourcecode.c.objc; name = RLMBrowserSchemaPreviewView.m; path = FooterView/RLMBrowserSchemaPreviewView.m; sourceTree = "<group>"; };
		22302A851E0397C20071594A /* RLMBrowserSchemaPreviewView.xib */ = {isa = PBXFileReference; fileEncoding = 4; lastKnownFileType = file.xib; name = RLMBrowserSchemaPreviewView.xib; path = FooterView/RLMBrowserSchemaPreviewView.xib; sourceTree = "<group>"; };
		2231C8571EC2B3E900789975 /* RLMObject+JSONSerialization.h */ = {isa = PBXFileReference; fileEncoding = 4; lastKnownFileType = sourcecode.c.h; name = "RLMObject+JSONSerialization.h"; path = "RLMObject/RLMObject+JSONSerialization.h"; sourceTree = "<group>"; };
		2231C8581EC2B3E900789975 /* RLMObject+JSONSerialization.m */ = {isa = PBXFileReference; fileEncoding = 4; lastKnownFileType = sourcecode.c.objc; name = "RLMObject+JSONSerialization.m"; path = "RLMObject/RLMObject+JSONSerialization.m"; sourceTree = "<group>"; };
		2239004C1DFBE7B000FE2882 /* RLMBrowserObjectContentView.h */ = {isa = PBXFileReference; fileEncoding = 4; lastKnownFileType = sourcecode.c.h; name = RLMBrowserObjectContentView.h; path = ObjectTableViewCellContentView/RLMBrowserObjectContentView.h; sourceTree = "<group>"; };
		2239004D1DFBE7B000FE2882 /* RLMBrowserObjectContentView.m */ = {isa = PBXFileReference; fileEncoding = 4; lastKnownFileType = sourcecode.c.objc; name = RLMBrowserObjectContentView.m; path = ObjectTableViewCellContentView/RLMBrowserObjectContentView.m; sourceTree = "<group>"; };
		223900521DFCFC8700FE2882 /* RLMBrowserObjectContentView.xib */ = {isa = PBXFileReference; fileEncoding = 4; lastKnownFileType = file.xib; name = RLMBrowserObjectContentView.xib; path = ObjectTableViewCellContentView/RLMBrowserObjectContentView.xib; sourceTree = "<group>"; };
		2246C7451EAD81220016B120 /* RLMBrowserSchemaTableViewCell.h */ = {isa = PBXFileReference; fileEncoding = 4; lastKnownFileType = sourcecode.c.h; name = RLMBrowserSchemaTableViewCell.h; path = RealmSchemaTableViewCell/RLMBrowserSchemaTableViewCell.h; sourceTree = "<group>"; };
		2246C7461EAD81220016B120 /* RLMBrowserSchemaTableViewCell.m */ = {isa = PBXFileReference; fileEncoding = 4; lastKnownFileType = sourcecode.c.objc; name = RLMBrowserSchemaTableViewCell.m; path = RealmSchemaTableViewCell/RLMBrowserSchemaTableViewCell.m; sourceTree = "<group>"; };
		2246C74A1EAD81D70016B120 /* RLMBrowserSchemaTableViewCell.xib */ = {isa = PBXFileReference; fileEncoding = 4; lastKnownFileType = file.xib; name = RLMBrowserSchemaTableViewCell.xib; path = RealmSchemaTableViewCell/RLMBrowserSchemaTableViewCell.xib; sourceTree = "<group>"; };
		2246C74E1EADAEF20016B120 /* RLMBrowserObjectsCoordinator.h */ = {isa = PBXFileReference; fileEncoding = 4; lastKnownFileType = sourcecode.c.h; name = RLMBrowserObjectsCoordinator.h; path = Services/RLMBrowserObjectsCoordinator.h; sourceTree = "<group>"; };
		2246C74F1EADAEF20016B120 /* RLMBrowserObjectsCoordinator.m */ = {isa = PBXFileReference; fileEncoding = 4; lastKnownFileType = sourcecode.c.objc; name = RLMBrowserObjectsCoordinator.m; path = Services/RLMBrowserObjectsCoordinator.m; sourceTree = "<group>"; };
		22576FA71DED59600001586A /* RLMBrowserTableHeaderView.h */ = {isa = PBXFileReference; fileEncoding = 4; lastKnownFileType = sourcecode.c.h; name = RLMBrowserTableHeaderView.h; path = HeaderViews/RLMBrowserTableHeaderView.h; sourceTree = "<group>"; };
		22576FA81DED59600001586A /* RLMBrowserTableHeaderView.m */ = {isa = PBXFileReference; fileEncoding = 4; lastKnownFileType = sourcecode.c.objc; name = RLMBrowserTableHeaderView.m; path = HeaderViews/RLMBrowserTableHeaderView.m; sourceTree = "<group>"; };
		22576FAA1DED5A6C0001586A /* RLMBrowserNavigationTitleView.h */ = {isa = PBXFileReference; fileEncoding = 4; lastKnownFileType = sourcecode.c.h; name = RLMBrowserNavigationTitleView.h; path = HeaderViews/RLMBrowserNavigationTitleView.h; sourceTree = "<group>"; };
		22576FAB1DED5A6C0001586A /* RLMBrowserNavigationTitleView.m */ = {isa = PBXFileReference; fileEncoding = 4; lastKnownFileType = sourcecode.c.objc; name = RLMBrowserNavigationTitleView.m; path = HeaderViews/RLMBrowserNavigationTitleView.m; sourceTree = "<group>"; };
		22576FAD1DED5B030001586A /* RLMBrowserNavigationTitleView.xib */ = {isa = PBXFileReference; fileEncoding = 4; lastKnownFileType = file.xib; name = RLMBrowserNavigationTitleView.xib; path = HeaderViews/RLMBrowserNavigationTitleView.xib; sourceTree = "<group>"; };
		225EFBBC1DF535FD00DF649B /* RLMBrowserObjectListContentView.h */ = {isa = PBXFileReference; fileEncoding = 4; lastKnownFileType = sourcecode.c.h; path = RLMBrowserObjectListContentView.h; sourceTree = "<group>"; };
		225EFBBD1DF535FD00DF649B /* RLMBrowserObjectListContentView.m */ = {isa = PBXFileReference; fileEncoding = 4; lastKnownFileType = sourcecode.c.objc; path = RLMBrowserObjectListContentView.m; sourceTree = "<group>"; };
		225EFBBE1DF535FD00DF649B /* RLMBrowserObjectListContentView.xib */ = {isa = PBXFileReference; fileEncoding = 4; lastKnownFileType = file.xib; path = RLMBrowserObjectListContentView.xib; sourceTree = "<group>"; };
		225EFBC11DF535FD00DF649B /* RLMBrowserRealmTableViewCell.h */ = {isa = PBXFileReference; fileEncoding = 4; lastKnownFileType = sourcecode.c.h; path = RLMBrowserRealmTableViewCell.h; sourceTree = "<group>"; };
		225EFBC21DF535FD00DF649B /* RLMBrowserRealmTableViewCell.m */ = {isa = PBXFileReference; fileEncoding = 4; lastKnownFileType = sourcecode.c.objc; path = RLMBrowserRealmTableViewCell.m; sourceTree = "<group>"; };
		225EFBC31DF535FD00DF649B /* RLMBrowserRealmTableViewCell.xib */ = {isa = PBXFileReference; fileEncoding = 4; lastKnownFileType = file.xib; path = RLMBrowserRealmTableViewCell.xib; sourceTree = "<group>"; };
		225EFBC81DF5373C00DF649B /* RLMBrowserPropertyTableViewCell.h */ = {isa = PBXFileReference; fileEncoding = 4; lastKnownFileType = sourcecode.c.h; path = RLMBrowserPropertyTableViewCell.h; sourceTree = "<group>"; };
		225EFBC91DF5373C00DF649B /* RLMBrowserPropertyTableViewCell.m */ = {isa = PBXFileReference; fileEncoding = 4; lastKnownFileType = sourcecode.c.objc; path = RLMBrowserPropertyTableViewCell.m; sourceTree = "<group>"; };
		225EFBCA1DF5373C00DF649B /* RLMBrowserPropertyTableViewCell.xib */ = {isa = PBXFileReference; fileEncoding = 4; lastKnownFileType = file.xib; path = RLMBrowserPropertyTableViewCell.xib; sourceTree = "<group>"; };
		22AF16A71F53B7410001F8A8 /* RLMBrowserRealmTableCellHeaderView.h */ = {isa = PBXFileReference; lastKnownFileType = sourcecode.c.h; name = RLMBrowserRealmTableCellHeaderView.h; path = HeaderViews/RLMBrowserRealmTableCellHeaderView.h; sourceTree = "<group>"; };
		22AF16A81F53B7410001F8A8 /* RLMBrowserRealmTableCellHeaderView.m */ = {isa = PBXFileReference; lastKnownFileType = sourcecode.c.objc; name = RLMBrowserRealmTableCellHeaderView.m; path = HeaderViews/RLMBrowserRealmTableCellHeaderView.m; sourceTree = "<group>"; };
		22AF16B11F5408440001F8A8 /* RLMBrowserObjectViewController.m */ = {isa = PBXFileReference; lastKnownFileType = sourcecode.c.objc; path = RLMBrowserObjectViewController.m; sourceTree = "<group>"; };
		22AF16B21F5408440001F8A8 /* RLMBrowserRealmListViewController.h */ = {isa = PBXFileReference; lastKnownFileType = sourcecode.c.h; path = RLMBrowserRealmListViewController.h; sourceTree = "<group>"; };
		22AF16B31F5408440001F8A8 /* RLMBrowserRealmTableViewController.m */ = {isa = PBXFileReference; lastKnownFileType = sourcecode.c.objc; path = RLMBrowserRealmTableViewController.m; sourceTree = "<group>"; };
		22AF16B41F5408440001F8A8 /* RLMBrowserLogoViewController.m */ = {isa = PBXFileReference; lastKnownFileType = sourcecode.c.objc; path = RLMBrowserLogoViewController.m; sourceTree = "<group>"; };
		22AF16B51F5408440001F8A8 /* RLMBrowserObjectListViewController.m */ = {isa = PBXFileReference; lastKnownFileType = sourcecode.c.objc; path = RLMBrowserObjectListViewController.m; sourceTree = "<group>"; };
		22AF16B61F5408450001F8A8 /* RLMBrowserObjectSchemaViewController.m */ = {isa = PBXFileReference; lastKnownFileType = sourcecode.c.objc; path = RLMBrowserObjectSchemaViewController.m; sourceTree = "<group>"; };
		22AF16B71F5408450001F8A8 /* RLMBrowserObjectSchemaViewController.h */ = {isa = PBXFileReference; lastKnownFileType = sourcecode.c.h; path = RLMBrowserObjectSchemaViewController.h; sourceTree = "<group>"; };
		22AF16B81F5408450001F8A8 /* RLMBrowserObjectViewController.h */ = {isa = PBXFileReference; lastKnownFileType = sourcecode.c.h; path = RLMBrowserObjectViewController.h; sourceTree = "<group>"; };
		22AF16B91F5408450001F8A8 /* RLMBrowserRealmTableViewController.h */ = {isa = PBXFileReference; lastKnownFileType = sourcecode.c.h; path = RLMBrowserRealmTableViewController.h; sourceTree = "<group>"; };
		22AF16BA1F5408450001F8A8 /* RLMBrowserRealmListViewController.m */ = {isa = PBXFileReference; lastKnownFileType = sourcecode.c.objc; path = RLMBrowserRealmListViewController.m; sourceTree = "<group>"; };
		22AF16BB1F5408450001F8A8 /* RLMBrowserLogoViewController.h */ = {isa = PBXFileReference; lastKnownFileType = sourcecode.c.h; path = RLMBrowserLogoViewController.h; sourceTree = "<group>"; };
		22AF16BC1F5408450001F8A8 /* RLMBrowserObjectListViewController.h */ = {isa = PBXFileReference; lastKnownFileType = sourcecode.c.h; path = RLMBrowserObjectListViewController.h; sourceTree = "<group>"; };
		22C75DD81DEC090B0078624E /* RLMRealmLogoView.h */ = {isa = PBXFileReference; fileEncoding = 4; lastKnownFileType = sourcecode.c.h; path = RLMRealmLogoView.h; sourceTree = "<group>"; };
		22C75DD91DEC090B0078624E /* RLMRealmLogoView.m */ = {isa = PBXFileReference; fileEncoding = 4; lastKnownFileType = sourcecode.c.objc; path = RLMRealmLogoView.m; sourceTree = "<group>"; };
		22C75DDA1DEC090B0078624E /* RLMRealmMonochromeLogoView.h */ = {isa = PBXFileReference; fileEncoding = 4; lastKnownFileType = sourcecode.c.h; path = RLMRealmMonochromeLogoView.h; sourceTree = "<group>"; };
		22C75DDB1DEC090B0078624E /* RLMRealmMonochromeLogoView.m */ = {isa = PBXFileReference; fileEncoding = 4; lastKnownFileType = sourcecode.c.objc; path = RLMRealmMonochromeLogoView.m; sourceTree = "<group>"; };
		22E508FE1DE813DB000B7537 /* Person.h */ = {isa = PBXFileReference; fileEncoding = 4; lastKnownFileType = sourcecode.c.h; name = Person.h; path = RealmBrowserExample/Models/Person.h; sourceTree = SOURCE_ROOT; };
		22E508FF1DE813DB000B7537 /* Person.m */ = {isa = PBXFileReference; fileEncoding = 4; lastKnownFileType = sourcecode.c.objc; name = Person.m; path = RealmBrowserExample/Models/Person.m; sourceTree = SOURCE_ROOT; };
		22E5090C1DE832D7000B7537 /* RLMBrowserConstants.h */ = {isa = PBXFileReference; fileEncoding = 4; lastKnownFileType = sourcecode.c.h; path = RLMBrowserConstants.h; sourceTree = "<group>"; };
		22E5090D1DE832D7000B7537 /* RLMBrowserConstants.m */ = {isa = PBXFileReference; fileEncoding = 4; lastKnownFileType = sourcecode.c.objc; path = RLMBrowserConstants.m; sourceTree = "<group>"; };
		330FEBC1F629BF30E46EAE19 /* Pods-RealmBrowserExample.release.xcconfig */ = {isa = PBXFileReference; includeInIndex = 1; lastKnownFileType = text.xcconfig; name = "Pods-RealmBrowserExample.release.xcconfig"; path = "Pods/Target Support Files/Pods-RealmBrowserExample/Pods-RealmBrowserExample.release.xcconfig"; sourceTree = "<group>"; };
		A35ADCCED95BA1C8B3FFDBEE /* Pods_RealmBrowserExample.framework */ = {isa = PBXFileReference; explicitFileType = wrapper.framework; includeInIndex = 0; path = Pods_RealmBrowserExample.framework; sourceTree = BUILT_PRODUCTS_DIR; };
/* End PBXFileReference section */

/* Begin PBXFrameworksBuildPhase section */
		220D91B71DE6BE6F007CFF2A /* Frameworks */ = {
			isa = PBXFrameworksBuildPhase;
			buildActionMask = 2147483647;
			files = (
				B2838946D10BD42D1566367B /* Pods_RealmBrowserExample.framework in Frameworks */,
			);
			runOnlyForDeploymentPostprocessing = 0;
		};
/* End PBXFrameworksBuildPhase section */

/* Begin PBXGroup section */
		220D91B11DE6BE6F007CFF2A = {
			isa = PBXGroup;
			children = (
				220D91E71DE6C961007CFF2A /* RealmBrowser */,
				220D91D41DE6BFC3007CFF2A /* RealmBrowserExample */,
				220D91BB1DE6BE6F007CFF2A /* Products */,
				91B40BCD3AC56E73456E31FF /* Pods */,
				27B14AA54E77861EC788CCE1 /* Frameworks */,
			);
			sourceTree = "<group>";
		};
		220D91BB1DE6BE6F007CFF2A /* Products */ = {
			isa = PBXGroup;
			children = (
				220D91BA1DE6BE6F007CFF2A /* RealmBrowserExample.app */,
			);
			name = Products;
			sourceTree = "<group>";
		};
		220D91D41DE6BFC3007CFF2A /* RealmBrowserExample */ = {
			isa = PBXGroup;
			children = (
				220D91D51DE6BFC3007CFF2A /* AppDelegate.h */,
				220D91D61DE6BFC3007CFF2A /* AppDelegate.m */,
				22E509011DE813E3000B7537 /* Models */,
				220D920C1DE6E5A2007CFF2A /* Controllers */,
				220D920F1DE6E5A2007CFF2A /* Resources */,
				220D92151DE6E5A2007CFF2A /* Supporting Files */,
			);
			path = RealmBrowserExample;
			sourceTree = "<group>";
		};
		220D91E71DE6C961007CFF2A /* RealmBrowser */ = {
			isa = PBXGroup;
			children = (
				220D91FD1DE6C961007CFF2A /* RLMBrowserViewController.h */,
				220D91FE1DE6C961007CFF2A /* RLMBrowserViewController.m */,
				220D91E81DE6C961007CFF2A /* Categories */,
				220D91EB1DE6C961007CFF2A /* Controllers */,
				220D91F81DE6C961007CFF2A /* Models */,
				220D91FF1DE6C961007CFF2A /* Views */,
			);
			path = RealmBrowser;
			sourceTree = "<group>";
		};
		220D91E81DE6C961007CFF2A /* Categories */ = {
			isa = PBXGroup;
			children = (
				2231C8561EC2B3C000789975 /* RLMObject */,
				221324871EAF9F1B00FB22C9 /* RLMRealm */,
				221324841EAF9F1B00FB22C9 /* RLMProperty */,
				2213248E1EAF9F1B00FB22C9 /* RLMRealmConfiguration */,
				221324911EAF9F1B00FB22C9 /* UIColor */,
				221324941EAF9F1B00FB22C9 /* UIImage */,
				221324A21EAF9F7100FB22C9 /* UILabel */,
			);
			path = Categories;
			sourceTree = "<group>";
		};
		220D91EB1DE6C961007CFF2A /* Controllers */ = {
			isa = PBXGroup;
			children = (
				22AF16BB1F5408450001F8A8 /* RLMBrowserLogoViewController.h */,
				22AF16B41F5408440001F8A8 /* RLMBrowserLogoViewController.m */,
				22AF16BC1F5408450001F8A8 /* RLMBrowserObjectListViewController.h */,
				22AF16B51F5408440001F8A8 /* RLMBrowserObjectListViewController.m */,
				22AF16B71F5408450001F8A8 /* RLMBrowserObjectSchemaViewController.h */,
				22AF16B61F5408450001F8A8 /* RLMBrowserObjectSchemaViewController.m */,
				22AF16B81F5408450001F8A8 /* RLMBrowserObjectViewController.h */,
				22AF16B11F5408440001F8A8 /* RLMBrowserObjectViewController.m */,
				22AF16B21F5408440001F8A8 /* RLMBrowserRealmListViewController.h */,
				22AF16BA1F5408450001F8A8 /* RLMBrowserRealmListViewController.m */,
				22AF16B91F5408450001F8A8 /* RLMBrowserRealmTableViewController.h */,
				22AF16B31F5408440001F8A8 /* RLMBrowserRealmTableViewController.m */,
			);
			path = Controllers;
			sourceTree = "<group>";
		};
		220D91F81DE6C961007CFF2A /* Models */ = {
			isa = PBXGroup;
			children = (
				222E20141EADDAF3002E0547 /* Configuration */,
				222E20031EADDA9F002E0547 /* RealmObjects */,
				2246C74D1EADAE9D0016B120 /* Services */,
				22E5090B1DE832D7000B7537 /* Global */,
			);
			path = Models;
			sourceTree = "<group>";
		};
		220D91FF1DE6C961007CFF2A /* Views */ = {
			isa = PBXGroup;
			children = (
				22576FA61DED59290001586A /* HeaderViews */,
				22302A811E03973A0071594A /* FooterViews */,
				225EFBBA1DF535FD00DF649B /* TableViewCells */,
				22C75DD71DEC090B0078624E /* RealmLogoViews */,
			);
			path = Views;
			sourceTree = "<group>";
		};
		220D920C1DE6E5A2007CFF2A /* Controllers */ = {
			isa = PBXGroup;
			children = (
				220D920D1DE6E5A2007CFF2A /* ViewController.h */,
				220D920E1DE6E5A2007CFF2A /* ViewController.m */,
			);
			path = Controllers;
			sourceTree = "<group>";
		};
		220D920F1DE6E5A2007CFF2A /* Resources */ = {
			isa = PBXGroup;
			children = (
				220D92101DE6E5A2007CFF2A /* Assets.xcassets */,
				220D92111DE6E5A2007CFF2A /* LaunchScreen.storyboard */,
				220D92131DE6E5A2007CFF2A /* Main.storyboard */,
			);
			path = Resources;
			sourceTree = "<group>";
		};
		220D92151DE6E5A2007CFF2A /* Supporting Files */ = {
			isa = PBXGroup;
			children = (
				220D92161DE6E5A2007CFF2A /* Info.plist */,
				220D92171DE6E5A2007CFF2A /* main.m */,
			);
			path = "Supporting Files";
			sourceTree = "<group>";
		};
		221324841EAF9F1B00FB22C9 /* RLMProperty */ = {
			isa = PBXGroup;
			children = (
				221324851EAF9F1B00FB22C9 /* RLMProperty+BrowserDescription.h */,
				221324861EAF9F1B00FB22C9 /* RLMProperty+BrowserDescription.m */,
			);
			path = RLMProperty;
			sourceTree = "<group>";
		};
		221324871EAF9F1B00FB22C9 /* RLMRealm */ = {
			isa = PBXGroup;
			children = (
				221324881EAF9F1B00FB22C9 /* RLMRealm+BrowserCaptureRealms.h */,
				221324891EAF9F1B00FB22C9 /* RLMRealm+BrowserCaptureRealms.m */,
				2213248A1EAF9F1B00FB22C9 /* RLMRealm+BrowserCaptureWrites.h */,
				2213248B1EAF9F1B00FB22C9 /* RLMRealm+BrowserCaptureWrites.m */,
				2213248C1EAF9F1B00FB22C9 /* RLMRealm+RealmBrowser.h */,
				2213248D1EAF9F1B00FB22C9 /* RLMRealm+RealmBrowser.m */,
			);
			path = RLMRealm;
			sourceTree = "<group>";
		};
		2213248E1EAF9F1B00FB22C9 /* RLMRealmConfiguration */ = {
			isa = PBXGroup;
			children = (
				2213248F1EAF9F1B00FB22C9 /* RLMRealmConfiguration+BrowserCompare.h */,
				221324901EAF9F1B00FB22C9 /* RLMRealmConfiguration+BrowserCompare.m */,
			);
			path = RLMRealmConfiguration;
			sourceTree = "<group>";
		};
		221324911EAF9F1B00FB22C9 /* UIColor */ = {
			isa = PBXGroup;
			children = (
				221324921EAF9F1B00FB22C9 /* UIColor+BrowserRealmColors.h */,
				221324931EAF9F1B00FB22C9 /* UIColor+BrowserRealmColors.m */,
			);
			path = UIColor;
			sourceTree = "<group>";
		};
		221324941EAF9F1B00FB22C9 /* UIImage */ = {
			isa = PBXGroup;
			children = (
				221324951EAF9F1B00FB22C9 /* UIImage+BrowserIcons.h */,
				221324961EAF9F1B00FB22C9 /* UIImage+BrowserIcons.m */,
			);
			path = UIImage;
			sourceTree = "<group>";
		};
		221324A21EAF9F7100FB22C9 /* UILabel */ = {
			isa = PBXGroup;
			children = (
				221324A31EAF9F7100FB22C9 /* UILabel+RealmBrowser.h */,
				221324A41EAF9F7100FB22C9 /* UILabel+RealmBrowser.m */,
			);
			path = UILabel;
			sourceTree = "<group>";
		};
		222E20031EADDA9F002E0547 /* RealmObjects */ = {
			isa = PBXGroup;
			children = (
				222E20041EADDA9F002E0547 /* RLMBrowserList.h */,
				222E20051EADDA9F002E0547 /* RLMBrowserList.m */,
				222E20061EADDA9F002E0547 /* RLMBrowserObjectProperty.h */,
				222E20071EADDA9F002E0547 /* RLMBrowserObjectProperty.m */,
				222E20081EADDA9F002E0547 /* RLMBrowserRealm.h */,
				222E20091EADDA9F002E0547 /* RLMBrowserRealm.m */,
				222E200A1EADDA9F002E0547 /* RLMBrowserSchema.h */,
				222E200B1EADDA9F002E0547 /* RLMBrowserSchema.m */,
			);
			path = RealmObjects;
			sourceTree = "<group>";
		};
		222E20141EADDAF3002E0547 /* Configuration */ = {
			isa = PBXGroup;
			children = (
				222E20151EADDAF3002E0547 /* RLMBrowserConfiguration.h */,
				222E20161EADDAF3002E0547 /* RLMBrowserConfiguration.m */,
			);
			path = Configuration;
			sourceTree = "<group>";
		};
		22302A811E03973A0071594A /* FooterViews */ = {
			isa = PBXGroup;
			children = (
				22302A821E0397670071594A /* RLMBrowserSchemaPreviewView.h */,
				22302A831E0397670071594A /* RLMBrowserSchemaPreviewView.m */,
				22302A851E0397C20071594A /* RLMBrowserSchemaPreviewView.xib */,
			);
			name = FooterViews;
			sourceTree = "<group>";
		};
		2231C8561EC2B3C000789975 /* RLMObject */ = {
			isa = PBXGroup;
			children = (
				2231C8571EC2B3E900789975 /* RLMObject+JSONSerialization.h */,
				2231C8581EC2B3E900789975 /* RLMObject+JSONSerialization.m */,
			);
			name = RLMObject;
			sourceTree = "<group>";
		};
		2239004F1DFBE7B800FE2882 /* ObjectTableViewCellContentView */ = {
			isa = PBXGroup;
			children = (
				2239004C1DFBE7B000FE2882 /* RLMBrowserObjectContentView.h */,
				2239004D1DFBE7B000FE2882 /* RLMBrowserObjectContentView.m */,
				223900521DFCFC8700FE2882 /* RLMBrowserObjectContentView.xib */,
			);
			name = ObjectTableViewCellContentView;
			sourceTree = "<group>";
		};
		2246C7401EAD80B00016B120 /* RealmSchemaTableViewCell */ = {
			isa = PBXGroup;
			children = (
				2246C74A1EAD81D70016B120 /* RLMBrowserSchemaTableViewCell.xib */,
				2246C7451EAD81220016B120 /* RLMBrowserSchemaTableViewCell.h */,
				2246C7461EAD81220016B120 /* RLMBrowserSchemaTableViewCell.m */,
			);
			name = RealmSchemaTableViewCell;
			sourceTree = "<group>";
		};
		2246C74D1EADAE9D0016B120 /* Services */ = {
			isa = PBXGroup;
			children = (
				2246C74E1EADAEF20016B120 /* RLMBrowserObjectsCoordinator.h */,
				2246C74F1EADAEF20016B120 /* RLMBrowserObjectsCoordinator.m */,
			);
			name = Services;
			sourceTree = "<group>";
		};
		22576FA61DED59290001586A /* HeaderViews */ = {
			isa = PBXGroup;
			children = (
				22AF16A71F53B7410001F8A8 /* RLMBrowserRealmTableCellHeaderView.h */,
				22AF16A81F53B7410001F8A8 /* RLMBrowserRealmTableCellHeaderView.m */,
				22576FA71DED59600001586A /* RLMBrowserTableHeaderView.h */,
				22576FA81DED59600001586A /* RLMBrowserTableHeaderView.m */,
				22576FAA1DED5A6C0001586A /* RLMBrowserNavigationTitleView.h */,
				22576FAB1DED5A6C0001586A /* RLMBrowserNavigationTitleView.m */,
				22576FAD1DED5B030001586A /* RLMBrowserNavigationTitleView.xib */,
			);
			name = HeaderViews;
			sourceTree = "<group>";
		};
		225EFBBA1DF535FD00DF649B /* TableViewCells */ = {
			isa = PBXGroup;
			children = (
				2213247E1EAF1C0700FB22C9 /* RLMBrowserTableViewCell.h */,
				2213247F1EAF1C0700FB22C9 /* RLMBrowserTableViewCell.m */,
				2239004F1DFBE7B800FE2882 /* ObjectTableViewCellContentView */,
				225EFBBB1DF535FD00DF649B /* ObjectListContentView */,
				225EFBBF1DF535FD00DF649B /* PropertyTableViewCell */,
				2246C7401EAD80B00016B120 /* RealmSchemaTableViewCell */,
				225EFBC01DF535FD00DF649B /* RealmTableViewCell */,
			);
			path = TableViewCells;
			sourceTree = "<group>";
		};
		225EFBBB1DF535FD00DF649B /* ObjectListContentView */ = {
			isa = PBXGroup;
			children = (
				225EFBBC1DF535FD00DF649B /* RLMBrowserObjectListContentView.h */,
				225EFBBD1DF535FD00DF649B /* RLMBrowserObjectListContentView.m */,
				225EFBBE1DF535FD00DF649B /* RLMBrowserObjectListContentView.xib */,
			);
			name = ObjectListContentView;
			path = ObjectListTableViewCell;
			sourceTree = "<group>";
		};
		225EFBBF1DF535FD00DF649B /* PropertyTableViewCell */ = {
			isa = PBXGroup;
			children = (
				225EFBC81DF5373C00DF649B /* RLMBrowserPropertyTableViewCell.h */,
				225EFBC91DF5373C00DF649B /* RLMBrowserPropertyTableViewCell.m */,
				225EFBCA1DF5373C00DF649B /* RLMBrowserPropertyTableViewCell.xib */,
			);
			path = PropertyTableViewCell;
			sourceTree = "<group>";
		};
		225EFBC01DF535FD00DF649B /* RealmTableViewCell */ = {
			isa = PBXGroup;
			children = (
				225EFBC11DF535FD00DF649B /* RLMBrowserRealmTableViewCell.h */,
				225EFBC21DF535FD00DF649B /* RLMBrowserRealmTableViewCell.m */,
				225EFBC31DF535FD00DF649B /* RLMBrowserRealmTableViewCell.xib */,
			);
			path = RealmTableViewCell;
			sourceTree = "<group>";
		};
		22C75DD71DEC090B0078624E /* RealmLogoViews */ = {
			isa = PBXGroup;
			children = (
				22C75DD81DEC090B0078624E /* RLMRealmLogoView.h */,
				22C75DD91DEC090B0078624E /* RLMRealmLogoView.m */,
				22C75DDA1DEC090B0078624E /* RLMRealmMonochromeLogoView.h */,
				22C75DDB1DEC090B0078624E /* RLMRealmMonochromeLogoView.m */,
			);
			path = RealmLogoViews;
			sourceTree = "<group>";
		};
		22E509011DE813E3000B7537 /* Models */ = {
			isa = PBXGroup;
			children = (
				22E508FE1DE813DB000B7537 /* Person.h */,
				22E508FF1DE813DB000B7537 /* Person.m */,
			);
			name = Models;
			sourceTree = "<group>";
		};
		22E5090B1DE832D7000B7537 /* Global */ = {
			isa = PBXGroup;
			children = (
				22E5090C1DE832D7000B7537 /* RLMBrowserConstants.h */,
				22E5090D1DE832D7000B7537 /* RLMBrowserConstants.m */,
			);
			path = Global;
			sourceTree = "<group>";
		};
		27B14AA54E77861EC788CCE1 /* Frameworks */ = {
			isa = PBXGroup;
			children = (
				A35ADCCED95BA1C8B3FFDBEE /* Pods_RealmBrowserExample.framework */,
			);
			name = Frameworks;
			sourceTree = "<group>";
		};
		91B40BCD3AC56E73456E31FF /* Pods */ = {
			isa = PBXGroup;
			children = (
				1F56CCBD1D69613203747BDE /* Pods-RealmBrowserExample.debug.xcconfig */,
				330FEBC1F629BF30E46EAE19 /* Pods-RealmBrowserExample.release.xcconfig */,
			);
			name = Pods;
			sourceTree = "<group>";
		};
/* End PBXGroup section */

/* Begin PBXNativeTarget section */
		220D91B91DE6BE6F007CFF2A /* RealmBrowserExample */ = {
			isa = PBXNativeTarget;
			buildConfigurationList = 220D91D11DE6BE6F007CFF2A /* Build configuration list for PBXNativeTarget "RealmBrowserExample" */;
			buildPhases = (
				9B54C2A44047A108C81E6628 /* [CP] Check Pods Manifest.lock */,
				220D91B61DE6BE6F007CFF2A /* Sources */,
				220D91B71DE6BE6F007CFF2A /* Frameworks */,
				220D91B81DE6BE6F007CFF2A /* Resources */,
				0669018AAB2A5BAAEF0B3AA1 /* [CP] Embed Pods Frameworks */,
				7A4D87DB07FDB9C38D5DB361 /* [CP] Copy Pods Resources */,
			);
			buildRules = (
			);
			dependencies = (
			);
			name = RealmBrowserExample;
			productName = "realm-browser-ios";
			productReference = 220D91BA1DE6BE6F007CFF2A /* RealmBrowserExample.app */;
			productType = "com.apple.product-type.application";
		};
/* End PBXNativeTarget section */

/* Begin PBXProject section */
		220D91B21DE6BE6F007CFF2A /* Project object */ = {
			isa = PBXProject;
			attributes = {
				LastUpgradeCheck = 0900;
				ORGANIZATIONNAME = "Tim Oliver";
				TargetAttributes = {
					220D91B91DE6BE6F007CFF2A = {
						CreatedOnToolsVersion = 8.2;
						DevelopmentTeam = 6LF3GMKZAB;
						LastSwiftMigration = 0830;
						ProvisioningStyle = Automatic;
					};
				};
			};
			buildConfigurationList = 220D91B51DE6BE6F007CFF2A /* Build configuration list for PBXProject "RealmBrowser" */;
			compatibilityVersion = "Xcode 3.2";
			developmentRegion = English;
			hasScannedForEncodings = 0;
			knownRegions = (
				en,
				Base,
			);
			mainGroup = 220D91B11DE6BE6F007CFF2A;
			productRefGroup = 220D91BB1DE6BE6F007CFF2A /* Products */;
			projectDirPath = "";
			projectRoot = "";
			targets = (
				220D91B91DE6BE6F007CFF2A /* RealmBrowserExample */,
			);
		};
/* End PBXProject section */

/* Begin PBXResourcesBuildPhase section */
		220D91B81DE6BE6F007CFF2A /* Resources */ = {
			isa = PBXResourcesBuildPhase;
			buildActionMask = 2147483647;
			files = (
				220D921B1DE6E5A2007CFF2A /* Main.storyboard in Resources */,
				220D92191DE6E5A2007CFF2A /* Assets.xcassets in Resources */,
				2246C74B1EAD81D70016B120 /* RLMBrowserSchemaTableViewCell.xib in Resources */,
				225EFBCC1DF5373C00DF649B /* RLMBrowserPropertyTableViewCell.xib in Resources */,
				225EFBC71DF535FD00DF649B /* RLMBrowserRealmTableViewCell.xib in Resources */,
				22302A861E0397C20071594A /* RLMBrowserSchemaPreviewView.xib in Resources */,
				223900531DFCFC8700FE2882 /* RLMBrowserObjectContentView.xib in Resources */,
				220D921A1DE6E5A2007CFF2A /* LaunchScreen.storyboard in Resources */,
				22576FAE1DED5B030001586A /* RLMBrowserNavigationTitleView.xib in Resources */,
				225EFBC51DF535FD00DF649B /* RLMBrowserObjectListContentView.xib in Resources */,
			);
			runOnlyForDeploymentPostprocessing = 0;
		};
/* End PBXResourcesBuildPhase section */

/* Begin PBXShellScriptBuildPhase section */
		0669018AAB2A5BAAEF0B3AA1 /* [CP] Embed Pods Frameworks */ = {
			isa = PBXShellScriptBuildPhase;
			buildActionMask = 2147483647;
			files = (
			);
			inputPaths = (
				"${SRCROOT}/Pods/Target Support Files/Pods-RealmBrowserExample/Pods-RealmBrowserExample-frameworks.sh",
				"${BUILT_PRODUCTS_DIR}/Realm/Realm.framework",
				"${PODS_ROOT}/Reveal-SDK/RevealServer-10/iOS/RevealServer.framework",
				"${BUILT_PRODUCTS_DIR}/TODocumentPickerViewController/TODocumentPickerViewController.framework",
				"${BUILT_PRODUCTS_DIR}/TOPagerView/TOPagerView.framework",
				"${BUILT_PRODUCTS_DIR}/TORoundedTableView/TORoundedTableView.framework",
				"${BUILT_PRODUCTS_DIR}/TOSplitViewController/TOSplitViewController.framework",
				"${BUILT_PRODUCTS_DIR}/TOStatusBarSimulator/TOStatusBarSimulator.framework",
			);
			name = "[CP] Embed Pods Frameworks";
			outputPaths = (
				"${TARGET_BUILD_DIR}/${FRAMEWORKS_FOLDER_PATH}/Realm.framework",
				"${TARGET_BUILD_DIR}/${FRAMEWORKS_FOLDER_PATH}/RevealServer.framework",
				"${TARGET_BUILD_DIR}/${FRAMEWORKS_FOLDER_PATH}/TODocumentPickerViewController.framework",
				"${TARGET_BUILD_DIR}/${FRAMEWORKS_FOLDER_PATH}/TOPagerView.framework",
				"${TARGET_BUILD_DIR}/${FRAMEWORKS_FOLDER_PATH}/TORoundedTableView.framework",
				"${TARGET_BUILD_DIR}/${FRAMEWORKS_FOLDER_PATH}/TOSplitViewController.framework",
				"${TARGET_BUILD_DIR}/${FRAMEWORKS_FOLDER_PATH}/TOStatusBarSimulator.framework",
			);
			runOnlyForDeploymentPostprocessing = 0;
			shellPath = /bin/sh;
			shellScript = "\"${SRCROOT}/Pods/Target Support Files/Pods-RealmBrowserExample/Pods-RealmBrowserExample-frameworks.sh\"\n";
			showEnvVarsInLog = 0;
		};
		7A4D87DB07FDB9C38D5DB361 /* [CP] Copy Pods Resources */ = {
			isa = PBXShellScriptBuildPhase;
			buildActionMask = 2147483647;
			files = (
			);
			inputPaths = (
			);
			name = "[CP] Copy Pods Resources";
			outputPaths = (
			);
			runOnlyForDeploymentPostprocessing = 0;
			shellPath = /bin/sh;
			shellScript = "\"${SRCROOT}/Pods/Target Support Files/Pods-RealmBrowserExample/Pods-RealmBrowserExample-resources.sh\"\n";
			showEnvVarsInLog = 0;
		};
		9B54C2A44047A108C81E6628 /* [CP] Check Pods Manifest.lock */ = {
			isa = PBXShellScriptBuildPhase;
			buildActionMask = 2147483647;
			files = (
			);
			inputPaths = (
				"${PODS_PODFILE_DIR_PATH}/Podfile.lock",
				"${PODS_ROOT}/Manifest.lock",
			);
			name = "[CP] Check Pods Manifest.lock";
			outputPaths = (
				"$(DERIVED_FILE_DIR)/Pods-RealmBrowserExample-checkManifestLockResult.txt",
			);
			runOnlyForDeploymentPostprocessing = 0;
			shellPath = /bin/sh;
			shellScript = "diff \"${PODS_PODFILE_DIR_PATH}/Podfile.lock\" \"${PODS_ROOT}/Manifest.lock\" > /dev/null\nif [ $? != 0 ] ; then\n    # print error to STDERR\n    echo \"error: The sandbox is not in sync with the Podfile.lock. Run 'pod install' or update your CocoaPods installation.\" >&2\n    exit 1\nfi\n# This output is used by Xcode 'outputs' to avoid re-running this script phase.\necho \"SUCCESS\" > \"${SCRIPT_OUTPUT_FILE_0}\"\n";
			showEnvVarsInLog = 0;
		};
/* End PBXShellScriptBuildPhase section */

/* Begin PBXSourcesBuildPhase section */
		220D91B61DE6BE6F007CFF2A /* Sources */ = {
			isa = PBXSourcesBuildPhase;
			buildActionMask = 2147483647;
			files = (
				222E200D1EADDA9F002E0547 /* RLMBrowserList.m in Sources */,
				221324971EAF9F1B00FB22C9 /* RLMProperty+BrowserDescription.m in Sources */,
				2231C8591EC2B3E900789975 /* RLMObject+JSONSerialization.m in Sources */,
				22576FA91DED59600001586A /* RLMBrowserTableHeaderView.m in Sources */,
				22AF16BF1F5408450001F8A8 /* RLMBrowserLogoViewController.m in Sources */,
				22AF16BD1F5408450001F8A8 /* RLMBrowserObjectViewController.m in Sources */,
				22C75DDE1DEC090B0078624E /* RLMRealmLogoView.m in Sources */,
				2246C7481EAD81220016B120 /* RLMBrowserSchemaTableViewCell.m in Sources */,
				2213249C1EAF9F1B00FB22C9 /* UIColor+BrowserRealmColors.m in Sources */,
				22AF16C11F5408450001F8A8 /* RLMBrowserObjectSchemaViewController.m in Sources */,
				22AF16A91F53B7410001F8A8 /* RLMBrowserRealmTableCellHeaderView.m in Sources */,
				2213249D1EAF9F1B00FB22C9 /* UIImage+BrowserIcons.m in Sources */,
				221324A51EAF9F7100FB22C9 /* UILabel+RealmBrowser.m in Sources */,
				220D921D1DE6E5A2007CFF2A /* main.m in Sources */,
				22576FAC1DED5A6C0001586A /* RLMBrowserNavigationTitleView.m in Sources */,
				222E200F1EADDA9F002E0547 /* RLMBrowserRealm.m in Sources */,
				22E509141DE832D7000B7537 /* RLMBrowserConstants.m in Sources */,
				225EFBC41DF535FD00DF649B /* RLMBrowserObjectListContentView.m in Sources */,
				2213249A1EAF9F1B00FB22C9 /* RLMRealm+RealmBrowser.m in Sources */,
				221324801EAF1C0700FB22C9 /* RLMBrowserTableViewCell.m in Sources */,
				225EFBC61DF535FD00DF649B /* RLMBrowserRealmTableViewCell.m in Sources */,
				220D91E01DE6BFC3007CFF2A /* AppDelegate.m in Sources */,
				222E20171EADDAF3002E0547 /* RLMBrowserConfiguration.m in Sources */,
				221324981EAF9F1B00FB22C9 /* RLMRealm+BrowserCaptureRealms.m in Sources */,
				2246C7501EADAEF20016B120 /* RLMBrowserObjectsCoordinator.m in Sources */,
				222E200E1EADDA9F002E0547 /* RLMBrowserObjectProperty.m in Sources */,
				2239004E1DFBE7B000FE2882 /* RLMBrowserObjectContentView.m in Sources */,
				220D92181DE6E5A2007CFF2A /* ViewController.m in Sources */,
				220D920A1DE6C961007CFF2A /* RLMBrowserViewController.m in Sources */,
				22302A841E0397670071594A /* RLMBrowserSchemaPreviewView.m in Sources */,
				2213249B1EAF9F1B00FB22C9 /* RLMRealmConfiguration+BrowserCompare.m in Sources */,
				22AF16BE1F5408450001F8A8 /* RLMBrowserRealmTableViewController.m in Sources */,
				225EFBCB1DF5373C00DF649B /* RLMBrowserPropertyTableViewCell.m in Sources */,
				22E509001DE813DB000B7537 /* Person.m in Sources */,
				22C75DDF1DEC090B0078624E /* RLMRealmMonochromeLogoView.m in Sources */,
				221324991EAF9F1B00FB22C9 /* RLMRealm+BrowserCaptureWrites.m in Sources */,
				222E20101EADDA9F002E0547 /* RLMBrowserSchema.m in Sources */,
				22AF16C01F5408450001F8A8 /* RLMBrowserObjectListViewController.m in Sources */,
				22AF16C21F5408450001F8A8 /* RLMBrowserRealmListViewController.m in Sources */,
			);
			runOnlyForDeploymentPostprocessing = 0;
		};
/* End PBXSourcesBuildPhase section */

/* Begin PBXVariantGroup section */
		220D92111DE6E5A2007CFF2A /* LaunchScreen.storyboard */ = {
			isa = PBXVariantGroup;
			children = (
				220D92121DE6E5A2007CFF2A /* Base */,
			);
			name = LaunchScreen.storyboard;
			sourceTree = "<group>";
		};
		220D92131DE6E5A2007CFF2A /* Main.storyboard */ = {
			isa = PBXVariantGroup;
			children = (
				220D92141DE6E5A2007CFF2A /* Base */,
			);
			name = Main.storyboard;
			sourceTree = "<group>";
		};
/* End PBXVariantGroup section */

/* Begin XCBuildConfiguration section */
		220D91CF1DE6BE6F007CFF2A /* Debug */ = {
			isa = XCBuildConfiguration;
			buildSettings = {
				ALWAYS_SEARCH_USER_PATHS = NO;
				CLANG_ANALYZER_NONNULL = YES;
				CLANG_CXX_LANGUAGE_STANDARD = "gnu++0x";
				CLANG_CXX_LIBRARY = "libc++";
				CLANG_ENABLE_MODULES = YES;
				CLANG_ENABLE_OBJC_ARC = YES;
				CLANG_WARN_BLOCK_CAPTURE_AUTORELEASING = YES;
				CLANG_WARN_BOOL_CONVERSION = YES;
				CLANG_WARN_COMMA = YES;
				CLANG_WARN_CONSTANT_CONVERSION = YES;
				CLANG_WARN_DIRECT_OBJC_ISA_USAGE = YES_ERROR;
				CLANG_WARN_DOCUMENTATION_COMMENTS = YES;
				CLANG_WARN_EMPTY_BODY = YES;
				CLANG_WARN_ENUM_CONVERSION = YES;
				CLANG_WARN_INFINITE_RECURSION = YES;
				CLANG_WARN_INT_CONVERSION = YES;
				CLANG_WARN_NON_LITERAL_NULL_CONVERSION = YES;
				CLANG_WARN_OBJC_LITERAL_CONVERSION = YES;
				CLANG_WARN_OBJC_ROOT_CLASS = YES_ERROR;
				CLANG_WARN_RANGE_LOOP_ANALYSIS = YES;
				CLANG_WARN_STRICT_PROTOTYPES = YES;
				CLANG_WARN_SUSPICIOUS_MOVE = YES;
				CLANG_WARN_UNREACHABLE_CODE = YES;
				CLANG_WARN__DUPLICATE_METHOD_MATCH = YES;
				"CODE_SIGN_IDENTITY[sdk=iphoneos*]" = "iPhone Developer";
				COPY_PHASE_STRIP = NO;
				DEBUG_INFORMATION_FORMAT = dwarf;
				ENABLE_STRICT_OBJC_MSGSEND = YES;
				ENABLE_TESTABILITY = YES;
				GCC_C_LANGUAGE_STANDARD = gnu99;
				GCC_DYNAMIC_NO_PIC = NO;
				GCC_NO_COMMON_BLOCKS = YES;
				GCC_OPTIMIZATION_LEVEL = 0;
				GCC_PREPROCESSOR_DEFINITIONS = (
					"DEBUG=1",
					"$(inherited)",
				);
				GCC_WARN_64_TO_32_BIT_CONVERSION = YES;
				GCC_WARN_ABOUT_RETURN_TYPE = YES_ERROR;
				GCC_WARN_UNDECLARED_SELECTOR = YES;
				GCC_WARN_UNINITIALIZED_AUTOS = YES_AGGRESSIVE;
				GCC_WARN_UNUSED_FUNCTION = YES;
				GCC_WARN_UNUSED_VARIABLE = YES;
				MTL_ENABLE_DEBUG_INFO = YES;
				ONLY_ACTIVE_ARCH = YES;
				SDKROOT = iphoneos;
				TARGETED_DEVICE_FAMILY = "1,2";
			};
			name = Debug;
		};
		220D91D01DE6BE6F007CFF2A /* Release */ = {
			isa = XCBuildConfiguration;
			buildSettings = {
				ALWAYS_SEARCH_USER_PATHS = NO;
				CLANG_ANALYZER_NONNULL = YES;
				CLANG_CXX_LANGUAGE_STANDARD = "gnu++0x";
				CLANG_CXX_LIBRARY = "libc++";
				CLANG_ENABLE_MODULES = YES;
				CLANG_ENABLE_OBJC_ARC = YES;
				CLANG_WARN_BLOCK_CAPTURE_AUTORELEASING = YES;
				CLANG_WARN_BOOL_CONVERSION = YES;
				CLANG_WARN_COMMA = YES;
				CLANG_WARN_CONSTANT_CONVERSION = YES;
				CLANG_WARN_DIRECT_OBJC_ISA_USAGE = YES_ERROR;
				CLANG_WARN_DOCUMENTATION_COMMENTS = YES;
				CLANG_WARN_EMPTY_BODY = YES;
				CLANG_WARN_ENUM_CONVERSION = YES;
				CLANG_WARN_INFINITE_RECURSION = YES;
				CLANG_WARN_INT_CONVERSION = YES;
				CLANG_WARN_NON_LITERAL_NULL_CONVERSION = YES;
				CLANG_WARN_OBJC_LITERAL_CONVERSION = YES;
				CLANG_WARN_OBJC_ROOT_CLASS = YES_ERROR;
				CLANG_WARN_RANGE_LOOP_ANALYSIS = YES;
				CLANG_WARN_STRICT_PROTOTYPES = YES;
				CLANG_WARN_SUSPICIOUS_MOVE = YES;
				CLANG_WARN_UNREACHABLE_CODE = YES;
				CLANG_WARN__DUPLICATE_METHOD_MATCH = YES;
				"CODE_SIGN_IDENTITY[sdk=iphoneos*]" = "iPhone Developer";
				COPY_PHASE_STRIP = NO;
				DEBUG_INFORMATION_FORMAT = "dwarf-with-dsym";
				ENABLE_NS_ASSERTIONS = NO;
				ENABLE_STRICT_OBJC_MSGSEND = YES;
				GCC_C_LANGUAGE_STANDARD = gnu99;
				GCC_NO_COMMON_BLOCKS = YES;
				GCC_WARN_64_TO_32_BIT_CONVERSION = YES;
				GCC_WARN_ABOUT_RETURN_TYPE = YES_ERROR;
				GCC_WARN_UNDECLARED_SELECTOR = YES;
				GCC_WARN_UNINITIALIZED_AUTOS = YES_AGGRESSIVE;
				GCC_WARN_UNUSED_FUNCTION = YES;
				GCC_WARN_UNUSED_VARIABLE = YES;
				MTL_ENABLE_DEBUG_INFO = NO;
				SDKROOT = iphoneos;
				TARGETED_DEVICE_FAMILY = "1,2";
				VALIDATE_PRODUCT = YES;
			};
			name = Release;
		};
		220D91D21DE6BE6F007CFF2A /* Debug */ = {
			isa = XCBuildConfiguration;
			baseConfigurationReference = 1F56CCBD1D69613203747BDE /* Pods-RealmBrowserExample.debug.xcconfig */;
			buildSettings = {
				ASSETCATALOG_COMPILER_APPICON_NAME = AppIcon;
				CLANG_ENABLE_MODULES = YES;
				DEVELOPMENT_TEAM = 6LF3GMKZAB;
				INFOPLIST_FILE = "$(SRCROOT)/RealmBrowserExample/Supporting Files/Info.plist";
				IPHONEOS_DEPLOYMENT_TARGET = 9.0;
				LD_RUNPATH_SEARCH_PATHS = "$(inherited) @executable_path/Frameworks";
				PRODUCT_BUNDLE_IDENTIFIER = "co.timoliver.realm-browser-ios";
				PRODUCT_NAME = "$(TARGET_NAME)";
				SWIFT_OPTIMIZATION_LEVEL = "-Onone";
				SWIFT_VERSION = 3.0;
			};
			name = Debug;
		};
		220D91D31DE6BE6F007CFF2A /* Release */ = {
			isa = XCBuildConfiguration;
			baseConfigurationReference = 330FEBC1F629BF30E46EAE19 /* Pods-RealmBrowserExample.release.xcconfig */;
			buildSettings = {
				ASSETCATALOG_COMPILER_APPICON_NAME = AppIcon;
				CLANG_ENABLE_MODULES = YES;
				DEVELOPMENT_TEAM = 6LF3GMKZAB;
				INFOPLIST_FILE = "$(SRCROOT)/RealmBrowserExample/Supporting Files/Info.plist";
				IPHONEOS_DEPLOYMENT_TARGET = 9.0;
				LD_RUNPATH_SEARCH_PATHS = "$(inherited) @executable_path/Frameworks";
				PRODUCT_BUNDLE_IDENTIFIER = "co.timoliver.realm-browser-ios";
				PRODUCT_NAME = "$(TARGET_NAME)";
				SWIFT_VERSION = 3.0;
			};
			name = Release;
		};
/* End XCBuildConfiguration section */

/* Begin XCConfigurationList section */
		220D91B51DE6BE6F007CFF2A /* Build configuration list for PBXProject "RealmBrowser" */ = {
			isa = XCConfigurationList;
			buildConfigurations = (
				220D91CF1DE6BE6F007CFF2A /* Debug */,
				220D91D01DE6BE6F007CFF2A /* Release */,
			);
			defaultConfigurationIsVisible = 0;
			defaultConfigurationName = Release;
		};
		220D91D11DE6BE6F007CFF2A /* Build configuration list for PBXNativeTarget "RealmBrowserExample" */ = {
			isa = XCConfigurationList;
			buildConfigurations = (
				220D91D21DE6BE6F007CFF2A /* Debug */,
				220D91D31DE6BE6F007CFF2A /* Release */,
			);
			defaultConfigurationIsVisible = 0;
			defaultConfigurationName = Release;
		};
/* End XCConfigurationList section */
	};
	rootObject = 220D91B21DE6BE6F007CFF2A /* Project object */;
}
